// !$*UTF8*$!
{
	archiveVersion = 1;
	classes = {
	};
	objectVersion = 46;
	objects = {

/* Begin PBXBuildFile section */
		84690D8A1B1760B30085F9B4 /* AppDelegate.swift in Sources */ = {isa = PBXBuildFile; fileRef = 84690D891B1760B30085F9B4 /* AppDelegate.swift */; };
		84690D8C1B1760B30085F9B4 /* ViewController.swift in Sources */ = {isa = PBXBuildFile; fileRef = 84690D8B1B1760B30085F9B4 /* ViewController.swift */; };
		84690D8F1B1760B30085F9B4 /* Main.storyboard in Resources */ = {isa = PBXBuildFile; fileRef = 84690D8D1B1760B30085F9B4 /* Main.storyboard */; };
		84690D911B1760B30085F9B4 /* Images.xcassets in Resources */ = {isa = PBXBuildFile; fileRef = 84690D901B1760B30085F9B4 /* Images.xcassets */; };
		84690D941B1760B30085F9B4 /* LaunchScreen.xib in Resources */ = {isa = PBXBuildFile; fileRef = 84690D921B1760B30085F9B4 /* LaunchScreen.xib */; };
		84690DA01B1760B30085F9B4 /* Whats_the_WeatherTests.swift in Sources */ = {isa = PBXBuildFile; fileRef = 84690D9F1B1760B30085F9B4 /* Whats_the_WeatherTests.swift */; };
		84690DAC1B1762A30085F9B4 /* beach-wallpapers-beach-detail-wallpaper-south-wallpapers-wallpaper-40639.jpg in Resources */ = {isa = PBXBuildFile; fileRef = 84690DAB1B1762A30085F9B4 /* beach-wallpapers-beach-detail-wallpaper-south-wallpapers-wallpaper-40639.jpg */; };
		8497702D1B19F02200958459 /* MyFirstView.xib in Resources */ = {isa = PBXBuildFile; fileRef = 8497702C1B19F02200958459 /* MyFirstView.xib */; };
/* End PBXBuildFile section */

/* Begin PBXContainerItemProxy section */
		84690D9A1B1760B30085F9B4 /* PBXContainerItemProxy */ = {
			isa = PBXContainerItemProxy;
			containerPortal = 84690D7C1B1760B30085F9B4 /* Project object */;
			proxyType = 1;
			remoteGlobalIDString = 84690D831B1760B30085F9B4;
			remoteInfo = "Whats the Weather";
		};
/* End PBXContainerItemProxy section */

/* Begin PBXFileReference section */
		84690D841B1760B30085F9B4 /* Whats the Weather.app */ = {isa = PBXFileReference; explicitFileType = wrapper.application; includeInIndex = 0; path = "Whats the Weather.app"; sourceTree = BUILT_PRODUCTS_DIR; };
		84690D881B1760B30085F9B4 /* Info.plist */ = {isa = PBXFileReference; lastKnownFileType = text.plist.xml; path = Info.plist; sourceTree = "<group>"; };
		84690D891B1760B30085F9B4 /* AppDelegate.swift */ = {isa = PBXFileReference; lastKnownFileType = sourcecode.swift; path = AppDelegate.swift; sourceTree = "<group>"; };
		84690D8B1B1760B30085F9B4 /* ViewController.swift */ = {isa = PBXFileReference; lastKnownFileType = sourcecode.swift; path = ViewController.swift; sourceTree = "<group>"; };
		84690D8E1B1760B30085F9B4 /* Base */ = {isa = PBXFileReference; lastKnownFileType = file.storyboard; name = Base; path = Base.lproj/Main.storyboard; sourceTree = "<group>"; };
		84690D901B1760B30085F9B4 /* Images.xcassets */ = {isa = PBXFileReference; lastKnownFileType = folder.assetcatalog; path = Images.xcassets; sourceTree = "<group>"; };
		84690D931B1760B30085F9B4 /* Base */ = {isa = PBXFileReference; lastKnownFileType = file.xib; name = Base; path = Base.lproj/LaunchScreen.xib; sourceTree = "<group>"; };
		84690D991B1760B30085F9B4 /* Whats the WeatherTests.xctest */ = {isa = PBXFileReference; explicitFileType = wrapper.cfbundle; includeInIndex = 0; path = "Whats the WeatherTests.xctest"; sourceTree = BUILT_PRODUCTS_DIR; };
		84690D9E1B1760B30085F9B4 /* Info.plist */ = {isa = PBXFileReference; lastKnownFileType = text.plist.xml; path = Info.plist; sourceTree = "<group>"; };
		84690D9F1B1760B30085F9B4 /* Whats_the_WeatherTests.swift */ = {isa = PBXFileReference; lastKnownFileType = sourcecode.swift; path = Whats_the_WeatherTests.swift; sourceTree = "<group>"; };
		84690DAB1B1762A30085F9B4 /* beach-wallpapers-beach-detail-wallpaper-south-wallpapers-wallpaper-40639.jpg */ = {isa = PBXFileReference; lastKnownFileType = image.jpeg; name = "beach-wallpapers-beach-detail-wallpaper-south-wallpapers-wallpaper-40639.jpg"; path = "../../../../Desktop/beach-wallpapers-beach-detail-wallpaper-south-wallpapers-wallpaper-40639.jpg"; sourceTree = "<group>"; };
		8497702C1B19F02200958459 /* MyFirstView.xib */ = {isa = PBXFileReference; fileEncoding = 4; lastKnownFileType = file.xib; name = MyFirstView.xib; path = ../MyFirstView.xib; sourceTree = "<group>"; };
/* End PBXFileReference section */

/* Begin PBXFrameworksBuildPhase section */
		84690D811B1760B30085F9B4 /* Frameworks */ = {
			isa = PBXFrameworksBuildPhase;
			buildActionMask = 2147483647;
			files = (
			);
			runOnlyForDeploymentPostprocessing = 0;
		};
		84690D961B1760B30085F9B4 /* Frameworks */ = {
			isa = PBXFrameworksBuildPhase;
			buildActionMask = 2147483647;
			files = (
			);
			runOnlyForDeploymentPostprocessing = 0;
		};
/* End PBXFrameworksBuildPhase section */

/* Begin PBXGroup section */
		84690D7B1B1760B30085F9B4 = {
			isa = PBXGroup;
			children = (
				84690D861B1760B30085F9B4 /* Whats the Weather */,
				84690D9C1B1760B30085F9B4 /* Whats the WeatherTests */,
				84690D851B1760B30085F9B4 /* Products */,
			);
			sourceTree = "<group>";
		};
		84690D851B1760B30085F9B4 /* Products */ = {
			isa = PBXGroup;
			children = (
				84690D841B1760B30085F9B4 /* Whats the Weather.app */,
				84690D991B1760B30085F9B4 /* Whats the WeatherTests.xctest */,
			);
			name = Products;
			sourceTree = "<group>";
		};
		84690D861B1760B30085F9B4 /* Whats the Weather */ = {
			isa = PBXGroup;
			children = (
				84690D891B1760B30085F9B4 /* AppDelegate.swift */,
				84690D8B1B1760B30085F9B4 /* ViewController.swift */,
				84690D8D1B1760B30085F9B4 /* Main.storyboard */,
				84690D901B1760B30085F9B4 /* Images.xcassets */,
				84690DAB1B1762A30085F9B4 /* beach-wallpapers-beach-detail-wallpaper-south-wallpapers-wallpaper-40639.jpg */,
				8497702C1B19F02200958459 /* MyFirstView.xib */,
				84690D921B1760B30085F9B4 /* LaunchScreen.xib */,
				84690D871B1760B30085F9B4 /* Supporting Files */,
			);
			path = "Whats the Weather";
			sourceTree = "<group>";
		};
		84690D871B1760B30085F9B4 /* Supporting Files */ = {
			isa = PBXGroup;
			children = (
				84690D881B1760B30085F9B4 /* Info.plist */,
			);
			name = "Supporting Files";
			sourceTree = "<group>";
		};
		84690D9C1B1760B30085F9B4 /* Whats the WeatherTests */ = {
			isa = PBXGroup;
			children = (
				84690D9F1B1760B30085F9B4 /* Whats_the_WeatherTests.swift */,
				84690D9D1B1760B30085F9B4 /* Supporting Files */,
			);
			path = "Whats the WeatherTests";
			sourceTree = "<group>";
		};
		84690D9D1B1760B30085F9B4 /* Supporting Files */ = {
			isa = PBXGroup;
			children = (
				84690D9E1B1760B30085F9B4 /* Info.plist */,
			);
			name = "Supporting Files";
			sourceTree = "<group>";
		};
/* End PBXGroup section */

/* Begin PBXNativeTarget section */
		84690D831B1760B30085F9B4 /* Whats the Weather */ = {
			isa = PBXNativeTarget;
			buildConfigurationList = 84690DA31B1760B30085F9B4 /* Build configuration list for PBXNativeTarget "Whats the Weather" */;
			buildPhases = (
				84690D801B1760B30085F9B4 /* Sources */,
				84690D811B1760B30085F9B4 /* Frameworks */,
				84690D821B1760B30085F9B4 /* Resources */,
			);
			buildRules = (
			);
			dependencies = (
			);
			name = "Whats the Weather";
			productName = "Whats the Weather";
			productReference = 84690D841B1760B30085F9B4 /* Whats the Weather.app */;
			productType = "com.apple.product-type.application";
		};
		84690D981B1760B30085F9B4 /* Whats the WeatherTests */ = {
			isa = PBXNativeTarget;
			buildConfigurationList = 84690DA61B1760B30085F9B4 /* Build configuration list for PBXNativeTarget "Whats the WeatherTests" */;
			buildPhases = (
				84690D951B1760B30085F9B4 /* Sources */,
				84690D961B1760B30085F9B4 /* Frameworks */,
				84690D971B1760B30085F9B4 /* Resources */,
			);
			buildRules = (
			);
			dependencies = (
				84690D9B1B1760B30085F9B4 /* PBXTargetDependency */,
			);
			name = "Whats the WeatherTests";
			productName = "Whats the WeatherTests";
			productReference = 84690D991B1760B30085F9B4 /* Whats the WeatherTests.xctest */;
			productType = "com.apple.product-type.bundle.unit-test";
		};
/* End PBXNativeTarget section */

/* Begin PBXProject section */
		84690D7C1B1760B30085F9B4 /* Project object */ = {
			isa = PBXProject;
			attributes = {
				LastUpgradeCheck = 0630;
				ORGANIZATIONNAME = "William Grega";
				TargetAttributes = {
					84690D831B1760B30085F9B4 = {
						CreatedOnToolsVersion = 6.3.2;
						DevelopmentTeam = 7ZP8T95VHE;
					};
					84690D981B1760B30085F9B4 = {
						CreatedOnToolsVersion = 6.3.2;
						TestTargetID = 84690D831B1760B30085F9B4;
					};
				};
			};
			buildConfigurationList = 84690D7F1B1760B30085F9B4 /* Build configuration list for PBXProject "Whats the Weather" */;
			compatibilityVersion = "Xcode 3.2";
			developmentRegion = English;
			hasScannedForEncodings = 0;
			knownRegions = (
				en,
				Base,
			);
			mainGroup = 84690D7B1B1760B30085F9B4;
			productRefGroup = 84690D851B1760B30085F9B4 /* Products */;
			projectDirPath = "";
			projectRoot = "";
			targets = (
				84690D831B1760B30085F9B4 /* Whats the Weather */,
				84690D981B1760B30085F9B4 /* Whats the WeatherTests */,
			);
		};
/* End PBXProject section */

/* Begin PBXResourcesBuildPhase section */
		84690D821B1760B30085F9B4 /* Resources */ = {
			isa = PBXResourcesBuildPhase;
			buildActionMask = 2147483647;
			files = (
				84690D8F1B1760B30085F9B4 /* Main.storyboard in Resources */,
				8497702D1B19F02200958459 /* MyFirstView.xib in Resources */,
				84690D941B1760B30085F9B4 /* LaunchScreen.xib in Resources */,
				84690D911B1760B30085F9B4 /* Images.xcassets in Resources */,
				84690DAC1B1762A30085F9B4 /* beach-wallpapers-beach-detail-wallpaper-south-wallpapers-wallpaper-40639.jpg in Resources */,
			);
			runOnlyForDeploymentPostprocessing = 0;
		};
		84690D971B1760B30085F9B4 /* Resources */ = {
			isa = PBXResourcesBuildPhase;
			buildActionMask = 2147483647;
			files = (
			);
			runOnlyForDeploymentPostprocessing = 0;
		};
/* End PBXResourcesBuildPhase section */

/* Begin PBXSourcesBuildPhase section */
		84690D801B1760B30085F9B4 /* Sources */ = {
			isa = PBXSourcesBuildPhase;
			buildActionMask = 2147483647;
			files = (
				84690D8C1B1760B30085F9B4 /* ViewController.swift in Sources */,
				84690D8A1B1760B30085F9B4 /* AppDelegate.swift in Sources */,
			);
			runOnlyForDeploymentPostprocessing = 0;
		};
		84690D951B1760B30085F9B4 /* Sources */ = {
			isa = PBXSourcesBuildPhase;
			buildActionMask = 2147483647;
			files = (
				84690DA01B1760B30085F9B4 /* Whats_the_WeatherTests.swift in Sources */,
			);
			runOnlyForDeploymentPostprocessing = 0;
		};
/* End PBXSourcesBuildPhase section */

/* Begin PBXTargetDependency section */
		84690D9B1B1760B30085F9B4 /* PBXTargetDependency */ = {
			isa = PBXTargetDependency;
			target = 84690D831B1760B30085F9B4 /* Whats the Weather */;
			targetProxy = 84690D9A1B1760B30085F9B4 /* PBXContainerItemProxy */;
		};
/* End PBXTargetDependency section */

/* Begin PBXVariantGroup section */
		84690D8D1B1760B30085F9B4 /* Main.storyboard */ = {
			isa = PBXVariantGroup;
			children = (
				84690D8E1B1760B30085F9B4 /* Base */,
			);
			name = Main.storyboard;
			sourceTree = "<group>";
		};
		84690D921B1760B30085F9B4 /* LaunchScreen.xib */ = {
			isa = PBXVariantGroup;
			children = (
				84690D931B1760B30085F9B4 /* Base */,
			);
			name = LaunchScreen.xib;
			sourceTree = "<group>";
		};
/* End PBXVariantGroup section */

/* Begin XCBuildConfiguration section */
		84690DA11B1760B30085F9B4 /* Debug */ = {
			isa = XCBuildConfiguration;
			buildSettings = {
				ALWAYS_SEARCH_USER_PATHS = NO;
				CLANG_CXX_LANGUAGE_STANDARD = "gnu++0x";
				CLANG_CXX_LIBRARY = "libc++";
				CLANG_ENABLE_MODULES = YES;
				CLANG_ENABLE_OBJC_ARC = YES;
				CLANG_WARN_BOOL_CONVERSION = YES;
				CLANG_WARN_CONSTANT_CONVERSION = YES;
				CLANG_WARN_DIRECT_OBJC_ISA_USAGE = YES_ERROR;
				CLANG_WARN_EMPTY_BODY = YES;
				CLANG_WARN_ENUM_CONVERSION = YES;
				CLANG_WARN_INT_CONVERSION = YES;
				CLANG_WARN_OBJC_ROOT_CLASS = YES_ERROR;
				CLANG_WARN_UNREACHABLE_CODE = YES;
				CLANG_WARN__DUPLICATE_METHOD_MATCH = YES;
				"CODE_SIGN_IDENTITY[sdk=iphoneos*]" = "iPhone Developer";
				COPY_PHASE_STRIP = NO;
				DEBUG_INFORMATION_FORMAT = "dwarf-with-dsym";
				ENABLE_STRICT_OBJC_MSGSEND = YES;
				GCC_C_LANGUAGE_STANDARD = gnu99;
				GCC_DYNAMIC_NO_PIC = NO;
				GCC_NO_COMMON_BLOCKS = YES;
				GCC_OPTIMIZATION_LEVEL = 0;
				GCC_PREPROCESSOR_DEFINITIONS = (
					"DEBUG=1",
					"$(inherited)",
				);
				GCC_SYMBOLS_PRIVATE_EXTERN = NO;
				GCC_WARN_64_TO_32_BIT_CONVERSION = YES;
				GCC_WARN_ABOUT_RETURN_TYPE = YES_ERROR;
				GCC_WARN_UNDECLARED_SELECTOR = YES;
				GCC_WARN_UNINITIALIZED_AUTOS = YES_AGGRESSIVE;
				GCC_WARN_UNUSED_FUNCTION = YES;
				GCC_WARN_UNUSED_VARIABLE = YES;
				IPHONEOS_DEPLOYMENT_TARGET = 8.3;
				MTL_ENABLE_DEBUG_INFO = YES;
				ONLY_ACTIVE_ARCH = YES;
				SDKROOT = iphoneos;
				SWIFT_OPTIMIZATION_LEVEL = "-Onone";
				TARGETED_DEVICE_FAMILY = "1,2";
			};
			name = Debug;
		};
		84690DA21B1760B30085F9B4 /* Release */ = {
			isa = XCBuildConfiguration;
			buildSettings = {
				ALWAYS_SEARCH_USER_PATHS = NO;
				CLANG_CXX_LANGUAGE_STANDARD = "gnu++0x";
				CLANG_CXX_LIBRARY = "libc++";
				CLANG_ENABLE_MODULES = YES;
				CLANG_ENABLE_OBJC_ARC = YES;
				CLANG_WARN_BOOL_CONVERSION = YES;
				CLANG_WARN_CONSTANT_CONVERSION = YES;
				CLANG_WARN_DIRECT_OBJC_ISA_USAGE = YES_ERROR;
				CLANG_WARN_EMPTY_BODY = YES;
				CLANG_WARN_ENUM_CONVERSION = YES;
				CLANG_WARN_INT_CONVERSION = YES;
				CLANG_WARN_OBJC_ROOT_CLASS = YES_ERROR;
				CLANG_WARN_UNREACHABLE_CODE = YES;
				CLANG_WARN__DUPLICATE_METHOD_MATCH = YES;
				"CODE_SIGN_IDENTITY[sdk=iphoneos*]" = "iPhone Developer";
				COPY_PHASE_STRIP = NO;
				DEBUG_INFORMATION_FORMAT = "dwarf-with-dsym";
				ENABLE_NS_ASSERTIONS = NO;
				ENABLE_STRICT_OBJC_MSGSEND = YES;
				GCC_C_LANGUAGE_STANDARD = gnu99;
				GCC_NO_COMMON_BLOCKS = YES;
				GCC_WARN_64_TO_32_BIT_CONVERSION = YES;
				GCC_WARN_ABOUT_RETURN_TYPE = YES_ERROR;
				GCC_WARN_UNDECLARED_SELECTOR = YES;
				GCC_WARN_UNINITIALIZED_AUTOS = YES_AGGRESSIVE;
				GCC_WARN_UNUSED_FUNCTION = YES;
				GCC_WARN_UNUSED_VARIABLE = YES;
				IPHONEOS_DEPLOYMENT_TARGET = 8.3;
				MTL_ENABLE_DEBUG_INFO = NO;
				SDKROOT = iphoneos;
				TARGETED_DEVICE_FAMILY = "1,2";
				VALIDATE_PRODUCT = YES;
			};
			name = Release;
		};
		84690DA41B1760B30085F9B4 /* Debug */ = {
			isa = XCBuildConfiguration;
			buildSettings = {
				ASSETCATALOG_COMPILER_APPICON_NAME = AppIcon;
				CODE_SIGN_IDENTITY = "iPhone Developer";
				"CODE_SIGN_IDENTITY[sdk=iphoneos*]" = "iPhone Developer";
				INFOPLIST_FILE = "Whats the Weather/Info.plist";
				LD_RUNPATH_SEARCH_PATHS = "$(inherited) @executable_path/Frameworks";
				PRODUCT_NAME = "$(TARGET_NAME)";
				PROVISIONING_PROFILE = "";
			};
			name = Debug;
		};
		84690DA51B1760B30085F9B4 /* Release */ = {
			isa = XCBuildConfiguration;
			buildSettings = {
				ASSETCATALOG_COMPILER_APPICON_NAME = AppIcon;
				CODE_SIGN_IDENTITY = "iPhone Developer";
				"CODE_SIGN_IDENTITY[sdk=iphoneos*]" = "iPhone Developer";
				INFOPLIST_FILE = "Whats the Weather/Info.plist";
				LD_RUNPATH_SEARCH_PATHS = "$(inherited) @executable_path/Frameworks";
				PRODUCT_NAME = "$(TARGET_NAME)";
				PROVISIONING_PROFILE = "";
			};
			name = Release;
		};
		84690DA71B1760B30085F9B4 /* Debug */ = {
			isa = XCBuildConfiguration;
			buildSettings = {
				BUNDLE_LOADER = "$(TEST_HOST)";
				FRAMEWORK_SEARCH_PATHS = (
					"$(SDKROOT)/Developer/Library/Frameworks",
					"$(inherited)",
				);
				GCC_PREPROCESSOR_DEFINITIONS = (
					"DEBUG=1",
					"$(inherited)",
				);
				INFOPLIST_FILE = "Whats the WeatherTests/Info.plist";
				LD_RUNPATH_SEARCH_PATHS = "$(inherited) @executable_path/Frameworks @loader_path/Frameworks";
				PRODUCT_NAME = "$(TARGET_NAME)";
				TEST_HOST = "$(BUILT_PRODUCTS_DIR)/Whats the Weather.app/Whats the Weather";
			};
			name = Debug;
		};
		84690DA81B1760B30085F9B4 /* Release */ = {
			isa = XCBuildConfiguration;
			buildSettings = {
				BUNDLE_LOADER = "$(TEST_HOST)";
				FRAMEWORK_SEARCH_PATHS = (
					"$(SDKROOT)/Developer/Library/Frameworks",
					"$(inherited)",
				);
				INFOPLIST_FILE = "Whats the WeatherTests/Info.plist";
				LD_RUNPATH_SEARCH_PATHS = "$(inherited) @executable_path/Frameworks @loader_path/Frameworks";
				PRODUCT_NAME = "$(TARGET_NAME)";
				TEST_HOST = "$(BUILT_PRODUCTS_DIR)/Whats the Weather.app/Whats the Weather";
			};
			name = Release;
		};
/* End XCBuildConfiguration section */

/* Begin XCConfigurationList section */
		84690D7F1B1760B30085F9B4 /* Build configuration list for PBXProject "Whats the Weather" */ = {
			isa = XCConfigurationList;
			buildConfigurations = (
				84690DA11B1760B30085F9B4 /* Debug */,
				84690DA21B1760B30085F9B4 /* Release */,
			);
			defaultConfigurationIsVisible = 0;
			defaultConfigurationName = Release;
		};
		84690DA31B1760B30085F9B4 /* Build configuration list for PBXNativeTarget "Whats the Weather" */ = {
			isa = XCConfigurationList;
			buildConfigurations = (
				84690DA41B1760B30085F9B4 /* Debug */,
				84690DA51B1760B30085F9B4 /* Release */,
			);
			defaultConfigurationIsVisible = 0;
			defaultConfigurationName = Release;
		};
		84690DA61B1760B30085F9B4 /* Build configuration list for PBXNativeTarget "Whats the WeatherTests" */ = {
			isa = XCConfigurationList;
			buildConfigurations = (
				84690DA71B1760B30085F9B4 /* Debug */,
				84690DA81B1760B30085F9B4 /* Release */,
			);
			defaultConfigurationIsVisible = 0;
			defaultConfigurationName = Release;
		};
/* End XCConfigurationList section */
	};
	rootObject = 84690D7C1B1760B30085F9B4 /* Project object */;
}
